
Microsoft Visual Studio Solution File, Format Version 12.00
# Visual Studio 2013
VisualStudioVersion = 12.0.40629.0
MinimumVisualStudioVersion = 10.0.40219.1
Project("{FAE04EC0-301F-11D3-BF4B-00C04F79EFBC}") = "Biblioteca", "Biblioteca\Biblioteca.csproj", "{CE5435B6-A0DA-413B-A8F2-423C84C9BB11}"
EndProject
Project("{FAE04EC0-301F-11D3-BF4B-00C04F79EFBC}") = "Web", "Web\Web.csproj", "{BEAF5834-72C4-4C8A-8300-086E1FA4364B}"
	ProjectSection(ProjectDependencies) = postProject
		{CE5435B6-A0DA-413B-A8F2-423C84C9BB11} = {CE5435B6-A0DA-413B-A8F2-423C84C9BB11}
	EndProjectSection
EndProject
Global
	GlobalSection(SolutionConfigurationPlatforms) = preSolution
		Debug|Any CPU = Debug|Any CPU
		Release|Any CPU = Release|Any CPU
	EndGlobalSection
	GlobalSection(ProjectConfigurationPlatforms) = postSolution
		{CE5435B6-A0DA-413B-A8F2-423C84C9BB11}.Debug|Any CPU.ActiveCfg = Debug|Any CPU
		{CE5435B6-A0DA-413B-A8F2-423C84C9BB11}.Debug|Any CPU.Build.0 = Debug|Any CPU
		{CE5435B6-A0DA-413B-A8F2-423C84C9BB11}.Release|Any CPU.ActiveCfg = Release|Any CPU
		{CE5435B6-A0DA-413B-A8F2-423C84C9BB11}.Release|Any CPU.Build.0 = Release|Any CPU
		{BEAF5834-72C4-4C8A-8300-086E1FA4364B}.Debug|Any CPU.ActiveCfg = Debug|Any CPU
		{BEAF5834-72C4-4C8A-8300-086E1FA4364B}.Debug|Any CPU.Build.0 = Debug|Any CPU
		{BEAF5834-72C4-4C8A-8300-086E1FA4364B}.Release|Any CPU.ActiveCfg = Release|Any CPU
		{BEAF5834-72C4-4C8A-8300-086E1FA4364B}.Release|Any CPU.Build.0 = Release|Any CPU
	EndGlobalSection
	GlobalSection(SolutionProperties) = preSolution
		HideSolutionNode = FALSE
	EndGlobalSection
EndGlobal
